// !$*UTF8*$!
{
	archiveVersion = 1;
	classes = {
	};
	objectVersion = 46;
	objects = {

/* Begin PBXBuildFile section */
		65B9DEF0190933B100B7CE8F /* Foundation.framework in Frameworks */ = {isa = PBXBuildFile; fileRef = 65B9DEEF190933B100B7CE8F /* Foundation.framework */; };
		65B9DEF2190933B100B7CE8F /* CoreGraphics.framework in Frameworks */ = {isa = PBXBuildFile; fileRef = 65B9DEF1190933B100B7CE8F /* CoreGraphics.framework */; };
		65B9DEF4190933B100B7CE8F /* UIKit.framework in Frameworks */ = {isa = PBXBuildFile; fileRef = 65B9DEF3190933B100B7CE8F /* UIKit.framework */; };
		65B9DEFA190933B100B7CE8F /* InfoPlist.strings in Resources */ = {isa = PBXBuildFile; fileRef = 65B9DEF8190933B100B7CE8F /* InfoPlist.strings */; };
		65B9DEFC190933B100B7CE8F /* main.m in Sources */ = {isa = PBXBuildFile; fileRef = 65B9DEFB190933B100B7CE8F /* main.m */; };
		65B9DF00190933B100B7CE8F /* CBAppDelegate.m in Sources */ = {isa = PBXBuildFile; fileRef = 65B9DEFF190933B100B7CE8F /* CBAppDelegate.m */; };
		65B9DF03190933B100B7CE8F /* Main.storyboard in Resources */ = {isa = PBXBuildFile; fileRef = 65B9DF01190933B100B7CE8F /* Main.storyboard */; };
		65B9DF06190933B100B7CE8F /* CBViewController.m in Sources */ = {isa = PBXBuildFile; fileRef = 65B9DF05190933B100B7CE8F /* CBViewController.m */; };
		65B9DF08190933B100B7CE8F /* Images.xcassets in Resources */ = {isa = PBXBuildFile; fileRef = 65B9DF07190933B100B7CE8F /* Images.xcassets */; };
		65B9DF0F190933B100B7CE8F /* XCTest.framework in Frameworks */ = {isa = PBXBuildFile; fileRef = 65B9DF0E190933B100B7CE8F /* XCTest.framework */; };
		65B9DF10190933B100B7CE8F /* Foundation.framework in Frameworks */ = {isa = PBXBuildFile; fileRef = 65B9DEEF190933B100B7CE8F /* Foundation.framework */; };
		65B9DF11190933B100B7CE8F /* UIKit.framework in Frameworks */ = {isa = PBXBuildFile; fileRef = 65B9DEF3190933B100B7CE8F /* UIKit.framework */; };
		65B9DF19190933B100B7CE8F /* InfoPlist.strings in Resources */ = {isa = PBXBuildFile; fileRef = 65B9DF17190933B100B7CE8F /* InfoPlist.strings */; };
		65B9DF1B190933B100B7CE8F /* CarbookTests.m in Sources */ = {isa = PBXBuildFile; fileRef = 65B9DF1A190933B100B7CE8F /* CarbookTests.m */; };
		65B9DF251909351300B7CE8F /* GoogleMaps.framework in Frameworks */ = {isa = PBXBuildFile; fileRef = 65B9DF241909351300B7CE8F /* GoogleMaps.framework */; };
		65B9DF271909381B00B7CE8F /* GoogleMaps.bundle in Resources */ = {isa = PBXBuildFile; fileRef = 65B9DF261909381B00B7CE8F /* GoogleMaps.bundle */; };
		65B9DF291909385900B7CE8F /* AVFoundation.framework in Frameworks */ = {isa = PBXBuildFile; fileRef = 65B9DF281909385900B7CE8F /* AVFoundation.framework */; };
		65B9DF2B1909387100B7CE8F /* CoreData.framework in Frameworks */ = {isa = PBXBuildFile; fileRef = 65B9DF2A1909387100B7CE8F /* CoreData.framework */; };
		65B9DF2D1909387C00B7CE8F /* CoreText.framework in Frameworks */ = {isa = PBXBuildFile; fileRef = 65B9DF2C1909387C00B7CE8F /* CoreText.framework */; };
		65B9DF2F1909388300B7CE8F /* CoreLocation.framework in Frameworks */ = {isa = PBXBuildFile; fileRef = 65B9DF2E1909388300B7CE8F /* CoreLocation.framework */; };
		65B9DF311909388D00B7CE8F /* GLKit.framework in Frameworks */ = {isa = PBXBuildFile; fileRef = 65B9DF301909388D00B7CE8F /* GLKit.framework */; };
		65B9DF331909389700B7CE8F /* ImageIO.framework in Frameworks */ = {isa = PBXBuildFile; fileRef = 65B9DF321909389700B7CE8F /* ImageIO.framework */; };
		65B9DF35190938A700B7CE8F /* libc++.dylib in Frameworks */ = {isa = PBXBuildFile; fileRef = 65B9DF34190938A700B7CE8F /* libc++.dylib */; };
		65B9DF37190938BD00B7CE8F /* libicucore.dylib in Frameworks */ = {isa = PBXBuildFile; fileRef = 65B9DF36190938BD00B7CE8F /* libicucore.dylib */; };
		65B9DF39190938C800B7CE8F /* libz.dylib in Frameworks */ = {isa = PBXBuildFile; fileRef = 65B9DF38190938C800B7CE8F /* libz.dylib */; };
		65B9DF3B190938D300B7CE8F /* OpenGLES.framework in Frameworks */ = {isa = PBXBuildFile; fileRef = 65B9DF3A190938D300B7CE8F /* OpenGLES.framework */; };
		65B9DF3D190938DD00B7CE8F /* QuartzCore.framework in Frameworks */ = {isa = PBXBuildFile; fileRef = 65B9DF3C190938DD00B7CE8F /* QuartzCore.framework */; };
		65B9DF3F1909390A00B7CE8F /* SystemConfiguration.framework in Frameworks */ = {isa = PBXBuildFile; fileRef = 65B9DF3E1909390A00B7CE8F /* SystemConfiguration.framework */; };
		A3162BE41924EB3000E66492 /* FacebookSDK.framework in Frameworks */ = {isa = PBXBuildFile; fileRef = A3162BE31924EB3000E66492 /* FacebookSDK.framework */; };
		A31D1D05191BC0B60020C888 /* MapKit.framework in Frameworks */ = {isa = PBXBuildFile; fileRef = A31D1D04191BC0B60020C888 /* MapKit.framework */; };
		A31D1D07191BC9EF0020C888 /* CBMapSampleViewController.m in Sources */ = {isa = PBXBuildFile; fileRef = A31D1D02191BBE580020C888 /* CBMapSampleViewController.m */; };
		A31D1D0A191BCC410020C888 /* CBResultsTableViewController.m in Sources */ = {isa = PBXBuildFile; fileRef = A31D1D09191BCC410020C888 /* CBResultsTableViewController.m */; };
		A31D1D0D191BCCC60020C888 /* CBResultsTableViewCell.m in Sources */ = {isa = PBXBuildFile; fileRef = A31D1D0C191BCCC60020C888 /* CBResultsTableViewCell.m */; };
		A31D1D10191BCCE70020C888 /* CBRouteViewController.m in Sources */ = {isa = PBXBuildFile; fileRef = A31D1D0F191BCCE70020C888 /* CBRouteViewController.m */; };
/* End PBXBuildFile section */

/* Begin PBXContainerItemProxy section */
		65B9DF12190933B100B7CE8F /* PBXContainerItemProxy */ = {
			isa = PBXContainerItemProxy;
			containerPortal = 65B9DEE4190933B100B7CE8F /* Project object */;
			proxyType = 1;
			remoteGlobalIDString = 65B9DEEB190933B100B7CE8F;
			remoteInfo = Carbook;
		};
/* End PBXContainerItemProxy section */

/* Begin PBXFileReference section */
		65B9DEEC190933B100B7CE8F /* Carbook.app */ = {isa = PBXFileReference; explicitFileType = wrapper.application; includeInIndex = 0; path = Carbook.app; sourceTree = BUILT_PRODUCTS_DIR; };
		65B9DEEF190933B100B7CE8F /* Foundation.framework */ = {isa = PBXFileReference; lastKnownFileType = wrapper.framework; name = Foundation.framework; path = System/Library/Frameworks/Foundation.framework; sourceTree = SDKROOT; };
		65B9DEF1190933B100B7CE8F /* CoreGraphics.framework */ = {isa = PBXFileReference; lastKnownFileType = wrapper.framework; name = CoreGraphics.framework; path = System/Library/Frameworks/CoreGraphics.framework; sourceTree = SDKROOT; };
		65B9DEF3190933B100B7CE8F /* UIKit.framework */ = {isa = PBXFileReference; lastKnownFileType = wrapper.framework; name = UIKit.framework; path = System/Library/Frameworks/UIKit.framework; sourceTree = SDKROOT; };
		65B9DEF7190933B100B7CE8F /* Carbook-Info.plist */ = {isa = PBXFileReference; lastKnownFileType = text.plist.xml; path = "Carbook-Info.plist"; sourceTree = "<group>"; };
		65B9DEF9190933B100B7CE8F /* en */ = {isa = PBXFileReference; lastKnownFileType = text.plist.strings; name = en; path = en.lproj/InfoPlist.strings; sourceTree = "<group>"; };
		65B9DEFB190933B100B7CE8F /* main.m */ = {isa = PBXFileReference; lastKnownFileType = sourcecode.c.objc; path = main.m; sourceTree = "<group>"; };
		65B9DEFD190933B100B7CE8F /* Carbook-Prefix.pch */ = {isa = PBXFileReference; lastKnownFileType = sourcecode.c.h; path = "Carbook-Prefix.pch"; sourceTree = "<group>"; };
		65B9DEFE190933B100B7CE8F /* CBAppDelegate.h */ = {isa = PBXFileReference; lastKnownFileType = sourcecode.c.h; path = CBAppDelegate.h; sourceTree = "<group>"; };
		65B9DEFF190933B100B7CE8F /* CBAppDelegate.m */ = {isa = PBXFileReference; lastKnownFileType = sourcecode.c.objc; path = CBAppDelegate.m; sourceTree = "<group>"; };
		65B9DF02190933B100B7CE8F /* Base */ = {isa = PBXFileReference; lastKnownFileType = file.storyboard; name = Base; path = Base.lproj/Main.storyboard; sourceTree = "<group>"; };
		65B9DF04190933B100B7CE8F /* CBViewController.h */ = {isa = PBXFileReference; lastKnownFileType = sourcecode.c.h; path = CBViewController.h; sourceTree = "<group>"; };
		65B9DF05190933B100B7CE8F /* CBViewController.m */ = {isa = PBXFileReference; lastKnownFileType = sourcecode.c.objc; path = CBViewController.m; sourceTree = "<group>"; };
		65B9DF07190933B100B7CE8F /* Images.xcassets */ = {isa = PBXFileReference; lastKnownFileType = folder.assetcatalog; path = Images.xcassets; sourceTree = "<group>"; };
		65B9DF0D190933B100B7CE8F /* CarbookTests.xctest */ = {isa = PBXFileReference; explicitFileType = wrapper.cfbundle; includeInIndex = 0; path = CarbookTests.xctest; sourceTree = BUILT_PRODUCTS_DIR; };
		65B9DF0E190933B100B7CE8F /* XCTest.framework */ = {isa = PBXFileReference; lastKnownFileType = wrapper.framework; name = XCTest.framework; path = Library/Frameworks/XCTest.framework; sourceTree = DEVELOPER_DIR; };
		65B9DF16190933B100B7CE8F /* CarbookTests-Info.plist */ = {isa = PBXFileReference; lastKnownFileType = text.plist.xml; path = "CarbookTests-Info.plist"; sourceTree = "<group>"; };
		65B9DF18190933B100B7CE8F /* en */ = {isa = PBXFileReference; lastKnownFileType = text.plist.strings; name = en; path = en.lproj/InfoPlist.strings; sourceTree = "<group>"; };
		65B9DF1A190933B100B7CE8F /* CarbookTests.m */ = {isa = PBXFileReference; lastKnownFileType = sourcecode.c.objc; path = CarbookTests.m; sourceTree = "<group>"; };
		65B9DF241909351300B7CE8F /* GoogleMaps.framework */ = {isa = PBXFileReference; lastKnownFileType = wrapper.framework; path = GoogleMaps.framework; sourceTree = "<group>"; };
		65B9DF261909381B00B7CE8F /* GoogleMaps.bundle */ = {isa = PBXFileReference; lastKnownFileType = "wrapper.plug-in"; name = GoogleMaps.bundle; path = GoogleMaps.framework/Versions/A/Resources/GoogleMaps.bundle; sourceTree = "<group>"; };
		65B9DF281909385900B7CE8F /* AVFoundation.framework */ = {isa = PBXFileReference; lastKnownFileType = wrapper.framework; name = AVFoundation.framework; path = System/Library/Frameworks/AVFoundation.framework; sourceTree = SDKROOT; };
		65B9DF2A1909387100B7CE8F /* CoreData.framework */ = {isa = PBXFileReference; lastKnownFileType = wrapper.framework; name = CoreData.framework; path = System/Library/Frameworks/CoreData.framework; sourceTree = SDKROOT; };
		65B9DF2C1909387C00B7CE8F /* CoreText.framework */ = {isa = PBXFileReference; lastKnownFileType = wrapper.framework; name = CoreText.framework; path = System/Library/Frameworks/CoreText.framework; sourceTree = SDKROOT; };
		65B9DF2E1909388300B7CE8F /* CoreLocation.framework */ = {isa = PBXFileReference; lastKnownFileType = wrapper.framework; name = CoreLocation.framework; path = System/Library/Frameworks/CoreLocation.framework; sourceTree = SDKROOT; };
		65B9DF301909388D00B7CE8F /* GLKit.framework */ = {isa = PBXFileReference; lastKnownFileType = wrapper.framework; name = GLKit.framework; path = System/Library/Frameworks/GLKit.framework; sourceTree = SDKROOT; };
		65B9DF321909389700B7CE8F /* ImageIO.framework */ = {isa = PBXFileReference; lastKnownFileType = wrapper.framework; name = ImageIO.framework; path = System/Library/Frameworks/ImageIO.framework; sourceTree = SDKROOT; };
		65B9DF34190938A700B7CE8F /* libc++.dylib */ = {isa = PBXFileReference; lastKnownFileType = "compiled.mach-o.dylib"; name = "libc++.dylib"; path = "usr/lib/libc++.dylib"; sourceTree = SDKROOT; };
		65B9DF36190938BD00B7CE8F /* libicucore.dylib */ = {isa = PBXFileReference; lastKnownFileType = "compiled.mach-o.dylib"; name = libicucore.dylib; path = usr/lib/libicucore.dylib; sourceTree = SDKROOT; };
		65B9DF38190938C800B7CE8F /* libz.dylib */ = {isa = PBXFileReference; lastKnownFileType = "compiled.mach-o.dylib"; name = libz.dylib; path = usr/lib/libz.dylib; sourceTree = SDKROOT; };
		65B9DF3A190938D300B7CE8F /* OpenGLES.framework */ = {isa = PBXFileReference; lastKnownFileType = wrapper.framework; name = OpenGLES.framework; path = System/Library/Frameworks/OpenGLES.framework; sourceTree = SDKROOT; };
		65B9DF3C190938DD00B7CE8F /* QuartzCore.framework */ = {isa = PBXFileReference; lastKnownFileType = wrapper.framework; name = QuartzCore.framework; path = System/Library/Frameworks/QuartzCore.framework; sourceTree = SDKROOT; };
		65B9DF3E1909390A00B7CE8F /* SystemConfiguration.framework */ = {isa = PBXFileReference; lastKnownFileType = wrapper.framework; name = SystemConfiguration.framework; path = System/Library/Frameworks/SystemConfiguration.framework; sourceTree = SDKROOT; };
		A3162BE31924EB3000E66492 /* FacebookSDK.framework */ = {isa = PBXFileReference; lastKnownFileType = wrapper.framework; path = FacebookSDK.framework; sourceTree = "<group>"; };
		A31D1D01191BBE580020C888 /* CBMapSampleViewController.h */ = {isa = PBXFileReference; fileEncoding = 4; lastKnownFileType = sourcecode.c.h; path = CBMapSampleViewController.h; sourceTree = "<group>"; };
		A31D1D02191BBE580020C888 /* CBMapSampleViewController.m */ = {isa = PBXFileReference; fileEncoding = 4; lastKnownFileType = sourcecode.c.objc; path = CBMapSampleViewController.m; sourceTree = "<group>"; };
		A31D1D04191BC0B60020C888 /* MapKit.framework */ = {isa = PBXFileReference; lastKnownFileType = wrapper.framework; name = MapKit.framework; path = System/Library/Frameworks/MapKit.framework; sourceTree = SDKROOT; };
		A31D1D08191BCC410020C888 /* CBResultsTableViewController.h */ = {isa = PBXFileReference; fileEncoding = 4; lastKnownFileType = sourcecode.c.h; path = CBResultsTableViewController.h; sourceTree = "<group>"; };
		A31D1D09191BCC410020C888 /* CBResultsTableViewController.m */ = {isa = PBXFileReference; fileEncoding = 4; lastKnownFileType = sourcecode.c.objc; path = CBResultsTableViewController.m; sourceTree = "<group>"; };
		A31D1D0B191BCCC60020C888 /* CBResultsTableViewCell.h */ = {isa = PBXFileReference; fileEncoding = 4; lastKnownFileType = sourcecode.c.h; path = CBResultsTableViewCell.h; sourceTree = "<group>"; };
		A31D1D0C191BCCC60020C888 /* CBResultsTableViewCell.m */ = {isa = PBXFileReference; fileEncoding = 4; lastKnownFileType = sourcecode.c.objc; path = CBResultsTableViewCell.m; sourceTree = "<group>"; };
		A31D1D0E191BCCE70020C888 /* CBRouteViewController.h */ = {isa = PBXFileReference; fileEncoding = 4; lastKnownFileType = sourcecode.c.h; path = CBRouteViewController.h; sourceTree = "<group>"; };
		A31D1D0F191BCCE70020C888 /* CBRouteViewController.m */ = {isa = PBXFileReference; fileEncoding = 4; lastKnownFileType = sourcecode.c.objc; path = CBRouteViewController.m; sourceTree = "<group>"; };
/* End PBXFileReference section */

/* Begin PBXFrameworksBuildPhase section */
		65B9DEE9190933B100B7CE8F /* Frameworks */ = {
			isa = PBXFrameworksBuildPhase;
			buildActionMask = 2147483647;
			files = (
				A31D1D05191BC0B60020C888 /* MapKit.framework in Frameworks */,
				65B9DF3F1909390A00B7CE8F /* SystemConfiguration.framework in Frameworks */,
				65B9DF3D190938DD00B7CE8F /* QuartzCore.framework in Frameworks */,
				65B9DF3B190938D300B7CE8F /* OpenGLES.framework in Frameworks */,
				65B9DF39190938C800B7CE8F /* libz.dylib in Frameworks */,
				A3162BE41924EB3000E66492 /* FacebookSDK.framework in Frameworks */,
				65B9DF37190938BD00B7CE8F /* libicucore.dylib in Frameworks */,
				65B9DF35190938A700B7CE8F /* libc++.dylib in Frameworks */,
				65B9DF331909389700B7CE8F /* ImageIO.framework in Frameworks */,
				65B9DF311909388D00B7CE8F /* GLKit.framework in Frameworks */,
				65B9DF2F1909388300B7CE8F /* CoreLocation.framework in Frameworks */,
				65B9DF2D1909387C00B7CE8F /* CoreText.framework in Frameworks */,
				65B9DF2B1909387100B7CE8F /* CoreData.framework in Frameworks */,
				65B9DF291909385900B7CE8F /* AVFoundation.framework in Frameworks */,
				65B9DEF2190933B100B7CE8F /* CoreGraphics.framework in Frameworks */,
				65B9DEF4190933B100B7CE8F /* UIKit.framework in Frameworks */,
				65B9DF251909351300B7CE8F /* GoogleMaps.framework in Frameworks */,
				65B9DEF0190933B100B7CE8F /* Foundation.framework in Frameworks */,
			);
			runOnlyForDeploymentPostprocessing = 0;
		};
		65B9DF0A190933B100B7CE8F /* Frameworks */ = {
			isa = PBXFrameworksBuildPhase;
			buildActionMask = 2147483647;
			files = (
				65B9DF0F190933B100B7CE8F /* XCTest.framework in Frameworks */,
				65B9DF11190933B100B7CE8F /* UIKit.framework in Frameworks */,
				65B9DF10190933B100B7CE8F /* Foundation.framework in Frameworks */,
			);
			runOnlyForDeploymentPostprocessing = 0;
		};
/* End PBXFrameworksBuildPhase section */

/* Begin PBXGroup section */
		65B9DEE3190933B100B7CE8F = {
			isa = PBXGroup;
			children = (
				65B9DEF5190933B100B7CE8F /* Carbook */,
				65B9DF14190933B100B7CE8F /* CarbookTests */,
				65B9DEEE190933B100B7CE8F /* Frameworks */,
				65B9DEED190933B100B7CE8F /* Products */,
			);
			sourceTree = "<group>";
		};
		65B9DEED190933B100B7CE8F /* Products */ = {
			isa = PBXGroup;
			children = (
				65B9DEEC190933B100B7CE8F /* Carbook.app */,
				65B9DF0D190933B100B7CE8F /* CarbookTests.xctest */,
			);
			name = Products;
			sourceTree = "<group>";
		};
		65B9DEEE190933B100B7CE8F /* Frameworks */ = {
			isa = PBXGroup;
			children = (
				A3162BE31924EB3000E66492 /* FacebookSDK.framework */,
				A31D1D04191BC0B60020C888 /* MapKit.framework */,
				65B9DF3E1909390A00B7CE8F /* SystemConfiguration.framework */,
				65B9DF3C190938DD00B7CE8F /* QuartzCore.framework */,
				65B9DF3A190938D300B7CE8F /* OpenGLES.framework */,
				65B9DF38190938C800B7CE8F /* libz.dylib */,
				65B9DF36190938BD00B7CE8F /* libicucore.dylib */,
				65B9DF34190938A700B7CE8F /* libc++.dylib */,
				65B9DF321909389700B7CE8F /* ImageIO.framework */,
				65B9DF301909388D00B7CE8F /* GLKit.framework */,
				65B9DF2E1909388300B7CE8F /* CoreLocation.framework */,
				65B9DF2C1909387C00B7CE8F /* CoreText.framework */,
				65B9DF2A1909387100B7CE8F /* CoreData.framework */,
				65B9DF281909385900B7CE8F /* AVFoundation.framework */,
				65B9DF261909381B00B7CE8F /* GoogleMaps.bundle */,
				65B9DF241909351300B7CE8F /* GoogleMaps.framework */,
				65B9DEEF190933B100B7CE8F /* Foundation.framework */,
				65B9DEF1190933B100B7CE8F /* CoreGraphics.framework */,
				65B9DEF3190933B100B7CE8F /* UIKit.framework */,
				65B9DF0E190933B100B7CE8F /* XCTest.framework */,
			);
			name = Frameworks;
			sourceTree = "<group>";
		};
		65B9DEF5190933B100B7CE8F /* Carbook */ = {
			isa = PBXGroup;
			children = (
				65B9DEFE190933B100B7CE8F /* CBAppDelegate.h */,
				65B9DEFF190933B100B7CE8F /* CBAppDelegate.m */,
				65B9DF01190933B100B7CE8F /* Main.storyboard */,
				65B9DF04190933B100B7CE8F /* CBViewController.h */,
				65B9DF05190933B100B7CE8F /* CBViewController.m */,
				65B9DF07190933B100B7CE8F /* Images.xcassets */,
				65B9DEF6190933B100B7CE8F /* Supporting Files */,
				A31D1D01191BBE580020C888 /* CBMapSampleViewController.h */,
				A31D1D02191BBE580020C888 /* CBMapSampleViewController.m */,
				A31D1D08191BCC410020C888 /* CBResultsTableViewController.h */,
				A31D1D09191BCC410020C888 /* CBResultsTableViewController.m */,
				A31D1D0B191BCCC60020C888 /* CBResultsTableViewCell.h */,
				A31D1D0C191BCCC60020C888 /* CBResultsTableViewCell.m */,
				A31D1D0E191BCCE70020C888 /* CBRouteViewController.h */,
				A31D1D0F191BCCE70020C888 /* CBRouteViewController.m */,
			);
			path = Carbook;
			sourceTree = "<group>";
		};
		65B9DEF6190933B100B7CE8F /* Supporting Files */ = {
			isa = PBXGroup;
			children = (
				65B9DEF7190933B100B7CE8F /* Carbook-Info.plist */,
				65B9DEF8190933B100B7CE8F /* InfoPlist.strings */,
				65B9DEFB190933B100B7CE8F /* main.m */,
				65B9DEFD190933B100B7CE8F /* Carbook-Prefix.pch */,
			);
			name = "Supporting Files";
			sourceTree = "<group>";
		};
		65B9DF14190933B100B7CE8F /* CarbookTests */ = {
			isa = PBXGroup;
			children = (
				65B9DF1A190933B100B7CE8F /* CarbookTests.m */,
				65B9DF15190933B100B7CE8F /* Supporting Files */,
			);
			path = CarbookTests;
			sourceTree = "<group>";
		};
		65B9DF15190933B100B7CE8F /* Supporting Files */ = {
			isa = PBXGroup;
			children = (
				65B9DF16190933B100B7CE8F /* CarbookTests-Info.plist */,
				65B9DF17190933B100B7CE8F /* InfoPlist.strings */,
			);
			name = "Supporting Files";
			sourceTree = "<group>";
		};
/* End PBXGroup section */

/* Begin PBXNativeTarget section */
		65B9DEEB190933B100B7CE8F /* Carbook */ = {
			isa = PBXNativeTarget;
			buildConfigurationList = 65B9DF1E190933B100B7CE8F /* Build configuration list for PBXNativeTarget "Carbook" */;
			buildPhases = (
				65B9DEE8190933B100B7CE8F /* Sources */,
				65B9DEE9190933B100B7CE8F /* Frameworks */,
				65B9DEEA190933B100B7CE8F /* Resources */,
			);
			buildRules = (
			);
			dependencies = (
			);
			name = Carbook;
			productName = Carbook;
			productReference = 65B9DEEC190933B100B7CE8F /* Carbook.app */;
			productType = "com.apple.product-type.application";
		};
		65B9DF0C190933B100B7CE8F /* CarbookTests */ = {
			isa = PBXNativeTarget;
			buildConfigurationList = 65B9DF21190933B100B7CE8F /* Build configuration list for PBXNativeTarget "CarbookTests" */;
			buildPhases = (
				65B9DF09190933B100B7CE8F /* Sources */,
				65B9DF0A190933B100B7CE8F /* Frameworks */,
				65B9DF0B190933B100B7CE8F /* Resources */,
			);
			buildRules = (
			);
			dependencies = (
				65B9DF13190933B100B7CE8F /* PBXTargetDependency */,
			);
			name = CarbookTests;
			productName = CarbookTests;
			productReference = 65B9DF0D190933B100B7CE8F /* CarbookTests.xctest */;
			productType = "com.apple.product-type.bundle.unit-test";
		};
/* End PBXNativeTarget section */

/* Begin PBXProject section */
		65B9DEE4190933B100B7CE8F /* Project object */ = {
			isa = PBXProject;
			attributes = {
				CLASSPREFIX = CB;
				LastUpgradeCheck = 0510;
				ORGANIZATIONNAME = A2;
				TargetAttributes = {
					65B9DEEB190933B100B7CE8F = {
						SystemCapabilities = {
							com.apple.BackgroundModes = {
								enabled = 1;
							};
						};
					};
					65B9DF0C190933B100B7CE8F = {
						TestTargetID = 65B9DEEB190933B100B7CE8F;
					};
				};
			};
			buildConfigurationList = 65B9DEE7190933B100B7CE8F /* Build configuration list for PBXProject "Carbook" */;
			compatibilityVersion = "Xcode 3.2";
			developmentRegion = English;
			hasScannedForEncodings = 0;
			knownRegions = (
				en,
				Base,
			);
			mainGroup = 65B9DEE3190933B100B7CE8F;
			productRefGroup = 65B9DEED190933B100B7CE8F /* Products */;
			projectDirPath = "";
			projectRoot = "";
			targets = (
				65B9DEEB190933B100B7CE8F /* Carbook */,
				65B9DF0C190933B100B7CE8F /* CarbookTests */,
			);
		};
/* End PBXProject section */

/* Begin PBXResourcesBuildPhase section */
		65B9DEEA190933B100B7CE8F /* Resources */ = {
			isa = PBXResourcesBuildPhase;
			buildActionMask = 2147483647;
			files = (
				65B9DF08190933B100B7CE8F /* Images.xcassets in Resources */,
				65B9DEFA190933B100B7CE8F /* InfoPlist.strings in Resources */,
				65B9DF03190933B100B7CE8F /* Main.storyboard in Resources */,
				65B9DF271909381B00B7CE8F /* GoogleMaps.bundle in Resources */,
			);
			runOnlyForDeploymentPostprocessing = 0;
		};
		65B9DF0B190933B100B7CE8F /* Resources */ = {
			isa = PBXResourcesBuildPhase;
			buildActionMask = 2147483647;
			files = (
				65B9DF19190933B100B7CE8F /* InfoPlist.strings in Resources */,
			);
			runOnlyForDeploymentPostprocessing = 0;
		};
/* End PBXResourcesBuildPhase section */

/* Begin PBXSourcesBuildPhase section */
		65B9DEE8190933B100B7CE8F /* Sources */ = {
			isa = PBXSourcesBuildPhase;
			buildActionMask = 2147483647;
			files = (
				A31D1D07191BC9EF0020C888 /* CBMapSampleViewController.m in Sources */,
				65B9DEFC190933B100B7CE8F /* main.m in Sources */,
				65B9DF00190933B100B7CE8F /* CBAppDelegate.m in Sources */,
				65B9DF06190933B100B7CE8F /* CBViewController.m in Sources */,
				A31D1D0A191BCC410020C888 /* CBResultsTableViewController.m in Sources */,
				A31D1D10191BCCE70020C888 /* CBRouteViewController.m in Sources */,
				A31D1D0D191BCCC60020C888 /* CBResultsTableViewCell.m in Sources */,
			);
			runOnlyForDeploymentPostprocessing = 0;
		};
		65B9DF09190933B100B7CE8F /* Sources */ = {
			isa = PBXSourcesBuildPhase;
			buildActionMask = 2147483647;
			files = (
				65B9DF1B190933B100B7CE8F /* CarbookTests.m in Sources */,
			);
			runOnlyForDeploymentPostprocessing = 0;
		};
/* End PBXSourcesBuildPhase section */

/* Begin PBXTargetDependency section */
		65B9DF13190933B100B7CE8F /* PBXTargetDependency */ = {
			isa = PBXTargetDependency;
			target = 65B9DEEB190933B100B7CE8F /* Carbook */;
			targetProxy = 65B9DF12190933B100B7CE8F /* PBXContainerItemProxy */;
		};
/* End PBXTargetDependency section */

/* Begin PBXVariantGroup section */
		65B9DEF8190933B100B7CE8F /* InfoPlist.strings */ = {
			isa = PBXVariantGroup;
			children = (
				65B9DEF9190933B100B7CE8F /* en */,
			);
			name = InfoPlist.strings;
			sourceTree = "<group>";
		};
		65B9DF01190933B100B7CE8F /* Main.storyboard */ = {
			isa = PBXVariantGroup;
			children = (
				65B9DF02190933B100B7CE8F /* Base */,
			);
			name = Main.storyboard;
			sourceTree = "<group>";
		};
		65B9DF17190933B100B7CE8F /* InfoPlist.strings */ = {
			isa = PBXVariantGroup;
			children = (
				65B9DF18190933B100B7CE8F /* en */,
			);
			name = InfoPlist.strings;
			sourceTree = "<group>";
		};
/* End PBXVariantGroup section */

/* Begin XCBuildConfiguration section */
		65B9DF1C190933B100B7CE8F /* Debug */ = {
			isa = XCBuildConfiguration;
			buildSettings = {
				ALWAYS_SEARCH_USER_PATHS = NO;
				CLANG_CXX_LANGUAGE_STANDARD = "gnu++0x";
				CLANG_CXX_LIBRARY = "libc++";
				CLANG_ENABLE_MODULES = YES;
				CLANG_ENABLE_OBJC_ARC = YES;
				CLANG_WARN_BOOL_CONVERSION = YES;
				CLANG_WARN_CONSTANT_CONVERSION = YES;
				CLANG_WARN_DIRECT_OBJC_ISA_USAGE = YES_ERROR;
				CLANG_WARN_EMPTY_BODY = YES;
				CLANG_WARN_ENUM_CONVERSION = YES;
				CLANG_WARN_INT_CONVERSION = YES;
				CLANG_WARN_OBJC_ROOT_CLASS = YES_ERROR;
				CLANG_WARN__DUPLICATE_METHOD_MATCH = YES;
				"CODE_SIGN_IDENTITY[sdk=iphoneos*]" = "iPhone Developer";
				COPY_PHASE_STRIP = NO;
				GCC_C_LANGUAGE_STANDARD = gnu99;
				GCC_DYNAMIC_NO_PIC = NO;
				GCC_OPTIMIZATION_LEVEL = 0;
				GCC_PREPROCESSOR_DEFINITIONS = (
					"DEBUG=1",
					"$(inherited)",
				);
				GCC_SYMBOLS_PRIVATE_EXTERN = NO;
				GCC_WARN_64_TO_32_BIT_CONVERSION = YES;
				GCC_WARN_ABOUT_RETURN_TYPE = YES_ERROR;
				GCC_WARN_UNDECLARED_SELECTOR = YES;
				GCC_WARN_UNINITIALIZED_AUTOS = YES_AGGRESSIVE;
				GCC_WARN_UNUSED_FUNCTION = YES;
				GCC_WARN_UNUSED_VARIABLE = YES;
				IPHONEOS_DEPLOYMENT_TARGET = 7.1;
				ONLY_ACTIVE_ARCH = YES;
				SDKROOT = iphoneos;
			};
			name = Debug;
		};
		65B9DF1D190933B100B7CE8F /* Release */ = {
			isa = XCBuildConfiguration;
			buildSettings = {
				ALWAYS_SEARCH_USER_PATHS = NO;
				CLANG_CXX_LANGUAGE_STANDARD = "gnu++0x";
				CLANG_CXX_LIBRARY = "libc++";
				CLANG_ENABLE_MODULES = YES;
				CLANG_ENABLE_OBJC_ARC = YES;
				CLANG_WARN_BOOL_CONVERSION = YES;
				CLANG_WARN_CONSTANT_CONVERSION = YES;
				CLANG_WARN_DIRECT_OBJC_ISA_USAGE = YES_ERROR;
				CLANG_WARN_EMPTY_BODY = YES;
				CLANG_WARN_ENUM_CONVERSION = YES;
				CLANG_WARN_INT_CONVERSION = YES;
				CLANG_WARN_OBJC_ROOT_CLASS = YES_ERROR;
				CLANG_WARN__DUPLICATE_METHOD_MATCH = YES;
				"CODE_SIGN_IDENTITY[sdk=iphoneos*]" = "iPhone Developer";
				COPY_PHASE_STRIP = YES;
				ENABLE_NS_ASSERTIONS = NO;
				GCC_C_LANGUAGE_STANDARD = gnu99;
				GCC_WARN_64_TO_32_BIT_CONVERSION = YES;
				GCC_WARN_ABOUT_RETURN_TYPE = YES_ERROR;
				GCC_WARN_UNDECLARED_SELECTOR = YES;
				GCC_WARN_UNINITIALIZED_AUTOS = YES_AGGRESSIVE;
				GCC_WARN_UNUSED_FUNCTION = YES;
				GCC_WARN_UNUSED_VARIABLE = YES;
				IPHONEOS_DEPLOYMENT_TARGET = 7.1;
				SDKROOT = iphoneos;
				VALIDATE_PRODUCT = YES;
			};
			name = Release;
		};
		65B9DF1F190933B100B7CE8F /* Debug */ = {
			isa = XCBuildConfiguration;
			buildSettings = {
				ASSETCATALOG_COMPILER_APPICON_NAME = AppIcon;
				ASSETCATALOG_COMPILER_LAUNCHIMAGE_NAME = LaunchImage;
				CODE_SIGN_IDENTITY = "iPhone Developer: Aleksandar Bogatinov (BHPRU469F5)";
				FRAMEWORK_SEARCH_PATHS = (
					"$(inherited)",
					"$(PROJECT_DIR)",
				);
				GCC_PRECOMPILE_PREFIX_HEADER = YES;
				GCC_PREFIX_HEADER = "Carbook/Carbook-Prefix.pch";
				INFOPLIST_FILE = "Carbook/Carbook-Info.plist";
				IPHONEOS_DEPLOYMENT_TARGET = 7.0;
				ONLY_ACTIVE_ARCH = NO;
				"OTHER_LDFLAGS[arch=*]" = "-ObjC";
				PRODUCT_NAME = "$(TARGET_NAME)";
				PROVISIONING_PROFILE = "C8EFA9FC-7A62-4C98-B4B3-D9FA90075EBF";
				SDKROOT = iphoneos7.1;
				WRAPPER_EXTENSION = app;
			};
			name = Debug;
		};
		65B9DF20190933B100B7CE8F /* Release */ = {
			isa = XCBuildConfiguration;
			buildSettings = {
				ASSETCATALOG_COMPILER_APPICON_NAME = AppIcon;
				ASSETCATALOG_COMPILER_LAUNCHIMAGE_NAME = LaunchImage;
				CODE_SIGN_IDENTITY = "iPhone Developer: Aleksandar Bogatinov (BHPRU469F5)";
				FRAMEWORK_SEARCH_PATHS = (
					"$(inherited)",
					"$(PROJECT_DIR)",
				);
				GCC_PRECOMPILE_PREFIX_HEADER = YES;
				GCC_PREFIX_HEADER = "Carbook/Carbook-Prefix.pch";
				INFOPLIST_FILE = "Carbook/Carbook-Info.plist";
				IPHONEOS_DEPLOYMENT_TARGET = 7.0;
				ONLY_ACTIVE_ARCH = NO;
				"OTHER_LDFLAGS[arch=*]" = "-ObjC";
				PRODUCT_NAME = "$(TARGET_NAME)";
				PROVISIONING_PROFILE = "C8EFA9FC-7A62-4C98-B4B3-D9FA90075EBF";
				SDKROOT = iphoneos7.1;
				WRAPPER_EXTENSION = app;
			};
			name = Release;
		};
		65B9DF22190933B100B7CE8F /* Debug */ = {
			isa = XCBuildConfiguration;
			buildSettings = {
				BUNDLE_LOADER = "$(BUILT_PRODUCTS_DIR)/Carbook.app/Carbook";
				FRAMEWORK_SEARCH_PATHS = (
					"$(SDKROOT)/Developer/Library/Frameworks",
					"$(inherited)",
					"$(DEVELOPER_FRAMEWORKS_DIR)",
				);
				GCC_PRECOMPILE_PREFIX_HEADER = YES;
				GCC_PREFIX_HEADER = "Carbook/Carbook-Prefix.pch";
				GCC_PREPROCESSOR_DEFINITIONS = (
					"DEBUG=1",
					"$(inherited)",
				);
				INFOPLIST_FILE = "CarbookTests/CarbookTests-Info.plist";
				PRODUCT_NAME = "$(TARGET_NAME)";
				TEST_HOST = "$(BUNDLE_LOADER)";
				WRAPPER_EXTENSION = xctest;
			};
			name = Debug;
		};
		65B9DF23190933B100B7CE8F /* Release */ = {
			isa = XCBuildConfiguration;
			buildSettings = {
				BUNDLE_LOADER = "$(BUILT_PRODUCTS_DIR)/Carbook.app/Carbook";
				FRAMEWORK_SEARCH_PATHS = (
					"$(SDKROOT)/Developer/Library/Frameworks",
					"$(inherited)",
					"$(DEVELOPER_FRAMEWORKS_DIR)",
				);
				GCC_PRECOMPILE_PREFIX_HEADER = YES;
				GCC_PREFIX_HEADER = "Carbook/Carbook-Prefix.pch";
				INFOPLIST_FILE = "CarbookTests/CarbookTests-Info.plist";
				PRODUCT_NAME = "$(TARGET_NAME)";
				TEST_HOST = "$(BUNDLE_LOADER)";
				WRAPPER_EXTENSION = xctest;
			};
			name = Release;
		};
/* End XCBuildConfiguration section */

/* Begin XCConfigurationList section */
		65B9DEE7190933B100B7CE8F /* Build configuration list for PBXProject "Carbook" */ = {
			isa = XCConfigurationList;
			buildConfigurations = (
				65B9DF1C190933B100B7CE8F /* Debug */,
				65B9DF1D190933B100B7CE8F /* Release */,
			);
			defaultConfigurationIsVisible = 0;
			defaultConfigurationName = Release;
		};
		65B9DF1E190933B100B7CE8F /* Build configuration list for PBXNativeTarget "Carbook" */ = {
			isa = XCConfigurationList;
			buildConfigurations = (
				65B9DF1F190933B100B7CE8F /* Debug */,
				65B9DF20190933B100B7CE8F /* Release */,
			);
			defaultConfigurationIsVisible = 0;
			defaultConfigurationName = Release;
		};
		65B9DF21190933B100B7CE8F /* Build configuration list for PBXNativeTarget "CarbookTests" */ = {
			isa = XCConfigurationList;
			buildConfigurations = (
				65B9DF22190933B100B7CE8F /* Debug */,
				65B9DF23190933B100B7CE8F /* Release */,
			);
			defaultConfigurationIsVisible = 0;
			defaultConfigurationName = Release;
		};
/* End XCConfigurationList section */
	};
	rootObject = 65B9DEE4190933B100B7CE8F /* Project object */;
}
